// !$*UTF8*$!
{
	archiveVersion = 1;
	classes = {
	};
	objectVersion = 55;
	objects = {

/* Begin PBXBuildFile section */
		897750BF283E4D6E00ECC4A9 /* AppDelegate.swift in Sources */ = {isa = PBXBuildFile; fileRef = 897750BE283E4D6E00ECC4A9 /* AppDelegate.swift */; };
		897750C1283E4D6E00ECC4A9 /* SceneDelegate.swift in Sources */ = {isa = PBXBuildFile; fileRef = 897750C0283E4D6E00ECC4A9 /* SceneDelegate.swift */; };
		897750C3283E4D6E00ECC4A9 /* ViewController.swift in Sources */ = {isa = PBXBuildFile; fileRef = 897750C2283E4D6E00ECC4A9 /* ViewController.swift */; };
		897750C6283E4D6E00ECC4A9 /* Main.storyboard in Resources */ = {isa = PBXBuildFile; fileRef = 897750C4283E4D6E00ECC4A9 /* Main.storyboard */; };
		897750C9283E4D6E00ECC4A9 /* NFCAReadWrite.xcdatamodeld in Sources */ = {isa = PBXBuildFile; fileRef = 897750C7283E4D6E00ECC4A9 /* NFCAReadWrite.xcdatamodeld */; };
		897750CB283E4D6F00ECC4A9 /* Assets.xcassets in Resources */ = {isa = PBXBuildFile; fileRef = 897750CA283E4D6F00ECC4A9 /* Assets.xcassets */; };
		897750CE283E4D6F00ECC4A9 /* LaunchScreen.storyboard in Resources */ = {isa = PBXBuildFile; fileRef = 897750CC283E4D6F00ECC4A9 /* LaunchScreen.storyboard */; };
		897750D9283E4D7000ECC4A9 /* NFCAReadWriteTests.swift in Sources */ = {isa = PBXBuildFile; fileRef = 897750D8283E4D7000ECC4A9 /* NFCAReadWriteTests.swift */; };
		897750E3283E4D7000ECC4A9 /* NFCAReadWriteUITests.swift in Sources */ = {isa = PBXBuildFile; fileRef = 897750E2283E4D7000ECC4A9 /* NFCAReadWriteUITests.swift */; };
		897750E5283E4D7000ECC4A9 /* NFCAReadWriteUITestsLaunchTests.swift in Sources */ = {isa = PBXBuildFile; fileRef = 897750E4283E4D7000ECC4A9 /* NFCAReadWriteUITestsLaunchTests.swift */; };
		897750F3283E517B00ECC4A9 /* NfcResponseFactory.swift in Sources */ = {isa = PBXBuildFile; fileRef = 897750F2283E517B00ECC4A9 /* NfcResponseFactory.swift */; };
		897750F6283E51DC00ECC4A9 /* NfcDataBuffer.swift in Sources */ = {isa = PBXBuildFile; fileRef = 897750F5283E51DC00ECC4A9 /* NfcDataBuffer.swift */; };
		897750F8283E520600ECC4A9 /* BufferDataType.swift in Sources */ = {isa = PBXBuildFile; fileRef = 897750F7283E520600ECC4A9 /* BufferDataType.swift */; };
		897750FA283E522C00ECC4A9 /* NfcConnectResponse.swift in Sources */ = {isa = PBXBuildFile; fileRef = 897750F9283E522C00ECC4A9 /* NfcConnectResponse.swift */; };
/* End PBXBuildFile section */

/* Begin PBXContainerItemProxy section */
		897750D5283E4D7000ECC4A9 /* PBXContainerItemProxy */ = {
			isa = PBXContainerItemProxy;
			containerPortal = 897750B3283E4D6D00ECC4A9 /* Project object */;
			proxyType = 1;
			remoteGlobalIDString = 897750BA283E4D6E00ECC4A9;
			remoteInfo = NFCAReadWrite;
		};
		897750DF283E4D7000ECC4A9 /* PBXContainerItemProxy */ = {
			isa = PBXContainerItemProxy;
			containerPortal = 897750B3283E4D6D00ECC4A9 /* Project object */;
			proxyType = 1;
			remoteGlobalIDString = 897750BA283E4D6E00ECC4A9;
			remoteInfo = NFCAReadWrite;
		};
/* End PBXContainerItemProxy section */

/* Begin PBXFileReference section */
		897750BB283E4D6E00ECC4A9 /* NFCAReadWrite.app */ = {isa = PBXFileReference; explicitFileType = wrapper.application; includeInIndex = 0; path = NFCAReadWrite.app; sourceTree = BUILT_PRODUCTS_DIR; };
		897750BE283E4D6E00ECC4A9 /* AppDelegate.swift */ = {isa = PBXFileReference; lastKnownFileType = sourcecode.swift; path = AppDelegate.swift; sourceTree = "<group>"; };
		897750C0283E4D6E00ECC4A9 /* SceneDelegate.swift */ = {isa = PBXFileReference; lastKnownFileType = sourcecode.swift; path = SceneDelegate.swift; sourceTree = "<group>"; };
		897750C2283E4D6E00ECC4A9 /* ViewController.swift */ = {isa = PBXFileReference; lastKnownFileType = sourcecode.swift; path = ViewController.swift; sourceTree = "<group>"; };
		897750C5283E4D6E00ECC4A9 /* Base */ = {isa = PBXFileReference; lastKnownFileType = file.storyboard; name = Base; path = Base.lproj/Main.storyboard; sourceTree = "<group>"; };
		897750C8283E4D6E00ECC4A9 /* NFCAReadWrite.xcdatamodel */ = {isa = PBXFileReference; lastKnownFileType = wrapper.xcdatamodel; path = NFCAReadWrite.xcdatamodel; sourceTree = "<group>"; };
		897750CA283E4D6F00ECC4A9 /* Assets.xcassets */ = {isa = PBXFileReference; lastKnownFileType = folder.assetcatalog; path = Assets.xcassets; sourceTree = "<group>"; };
		897750CD283E4D6F00ECC4A9 /* Base */ = {isa = PBXFileReference; lastKnownFileType = file.storyboard; name = Base; path = Base.lproj/LaunchScreen.storyboard; sourceTree = "<group>"; };
		897750CF283E4D6F00ECC4A9 /* Info.plist */ = {isa = PBXFileReference; lastKnownFileType = text.plist.xml; path = Info.plist; sourceTree = "<group>"; };
		897750D4283E4D7000ECC4A9 /* NFCAReadWriteTests.xctest */ = {isa = PBXFileReference; explicitFileType = wrapper.cfbundle; includeInIndex = 0; path = NFCAReadWriteTests.xctest; sourceTree = BUILT_PRODUCTS_DIR; };
		897750D8283E4D7000ECC4A9 /* NFCAReadWriteTests.swift */ = {isa = PBXFileReference; lastKnownFileType = sourcecode.swift; path = NFCAReadWriteTests.swift; sourceTree = "<group>"; };
		897750DE283E4D7000ECC4A9 /* NFCAReadWriteUITests.xctest */ = {isa = PBXFileReference; explicitFileType = wrapper.cfbundle; includeInIndex = 0; path = NFCAReadWriteUITests.xctest; sourceTree = BUILT_PRODUCTS_DIR; };
		897750E2283E4D7000ECC4A9 /* NFCAReadWriteUITests.swift */ = {isa = PBXFileReference; lastKnownFileType = sourcecode.swift; path = NFCAReadWriteUITests.swift; sourceTree = "<group>"; };
		897750E4283E4D7000ECC4A9 /* NFCAReadWriteUITestsLaunchTests.swift */ = {isa = PBXFileReference; lastKnownFileType = sourcecode.swift; path = NFCAReadWriteUITestsLaunchTests.swift; sourceTree = "<group>"; };
		897750F1283E4DDB00ECC4A9 /* NFCAReadWrite.entitlements */ = {isa = PBXFileReference; lastKnownFileType = text.plist.entitlements; path = NFCAReadWrite.entitlements; sourceTree = "<group>"; };
		897750F2283E517B00ECC4A9 /* NfcResponseFactory.swift */ = {isa = PBXFileReference; lastKnownFileType = sourcecode.swift; path = NfcResponseFactory.swift; sourceTree = "<group>"; };
		897750F5283E51DC00ECC4A9 /* NfcDataBuffer.swift */ = {isa = PBXFileReference; lastKnownFileType = sourcecode.swift; path = NfcDataBuffer.swift; sourceTree = "<group>"; };
		897750F7283E520600ECC4A9 /* BufferDataType.swift */ = {isa = PBXFileReference; lastKnownFileType = sourcecode.swift; path = BufferDataType.swift; sourceTree = "<group>"; };
		897750F9283E522C00ECC4A9 /* NfcConnectResponse.swift */ = {isa = PBXFileReference; lastKnownFileType = sourcecode.swift; path = NfcConnectResponse.swift; sourceTree = "<group>"; };
/* End PBXFileReference section */

/* Begin PBXFrameworksBuildPhase section */
		897750B8283E4D6E00ECC4A9 /* Frameworks */ = {
			isa = PBXFrameworksBuildPhase;
			buildActionMask = 2147483647;
			files = (
			);
			runOnlyForDeploymentPostprocessing = 0;
		};
		897750D1283E4D7000ECC4A9 /* Frameworks */ = {
			isa = PBXFrameworksBuildPhase;
			buildActionMask = 2147483647;
			files = (
			);
			runOnlyForDeploymentPostprocessing = 0;
		};
		897750DB283E4D7000ECC4A9 /* Frameworks */ = {
			isa = PBXFrameworksBuildPhase;
			buildActionMask = 2147483647;
			files = (
			);
			runOnlyForDeploymentPostprocessing = 0;
		};
/* End PBXFrameworksBuildPhase section */

/* Begin PBXGroup section */
		897750B2283E4D6D00ECC4A9 = {
			isa = PBXGroup;
			children = (
				897750BD283E4D6E00ECC4A9 /* NFCAReadWrite */,
				897750D7283E4D7000ECC4A9 /* NFCAReadWriteTests */,
				897750E1283E4D7000ECC4A9 /* NFCAReadWriteUITests */,
				897750BC283E4D6E00ECC4A9 /* Products */,
			);
			sourceTree = "<group>";
		};
		897750BC283E4D6E00ECC4A9 /* Products */ = {
			isa = PBXGroup;
			children = (
				897750BB283E4D6E00ECC4A9 /* NFCAReadWrite.app */,
				897750D4283E4D7000ECC4A9 /* NFCAReadWriteTests.xctest */,
				897750DE283E4D7000ECC4A9 /* NFCAReadWriteUITests.xctest */,
			);
			name = Products;
			sourceTree = "<group>";
		};
		897750BD283E4D6E00ECC4A9 /* NFCAReadWrite */ = {
			isa = PBXGroup;
			children = (
				897750F4283E518400ECC4A9 /* Helper */,
				897750F1283E4DDB00ECC4A9 /* NFCAReadWrite.entitlements */,
				897750BE283E4D6E00ECC4A9 /* AppDelegate.swift */,
				897750C0283E4D6E00ECC4A9 /* SceneDelegate.swift */,
				897750C2283E4D6E00ECC4A9 /* ViewController.swift */,
				897750C4283E4D6E00ECC4A9 /* Main.storyboard */,
				897750CA283E4D6F00ECC4A9 /* Assets.xcassets */,
				897750CC283E4D6F00ECC4A9 /* LaunchScreen.storyboard */,
				897750CF283E4D6F00ECC4A9 /* Info.plist */,
				897750C7283E4D6E00ECC4A9 /* NFCAReadWrite.xcdatamodeld */,
			);
			path = NFCAReadWrite;
			sourceTree = "<group>";
		};
		897750D7283E4D7000ECC4A9 /* NFCAReadWriteTests */ = {
			isa = PBXGroup;
			children = (
				897750D8283E4D7000ECC4A9 /* NFCAReadWriteTests.swift */,
			);
			path = NFCAReadWriteTests;
			sourceTree = "<group>";
		};
		897750E1283E4D7000ECC4A9 /* NFCAReadWriteUITests */ = {
			isa = PBXGroup;
			children = (
				897750E2283E4D7000ECC4A9 /* NFCAReadWriteUITests.swift */,
				897750E4283E4D7000ECC4A9 /* NFCAReadWriteUITestsLaunchTests.swift */,
			);
			path = NFCAReadWriteUITests;
			sourceTree = "<group>";
		};
		897750F4283E518400ECC4A9 /* Helper */ = {
			isa = PBXGroup;
			children = (
				897750F2283E517B00ECC4A9 /* NfcResponseFactory.swift */,
				897750F5283E51DC00ECC4A9 /* NfcDataBuffer.swift */,
				897750F7283E520600ECC4A9 /* BufferDataType.swift */,
				897750F9283E522C00ECC4A9 /* NfcConnectResponse.swift */,
			);
			path = Helper;
			sourceTree = "<group>";
		};
/* End PBXGroup section */

/* Begin PBXNativeTarget section */
		897750BA283E4D6E00ECC4A9 /* NFCAReadWrite */ = {
			isa = PBXNativeTarget;
			buildConfigurationList = 897750E8283E4D7000ECC4A9 /* Build configuration list for PBXNativeTarget "NFCAReadWrite" */;
			buildPhases = (
				897750B7283E4D6E00ECC4A9 /* Sources */,
				897750B8283E4D6E00ECC4A9 /* Frameworks */,
				897750B9283E4D6E00ECC4A9 /* Resources */,
			);
			buildRules = (
			);
			dependencies = (
			);
			name = NFCAReadWrite;
			productName = NFCAReadWrite;
			productReference = 897750BB283E4D6E00ECC4A9 /* NFCAReadWrite.app */;
			productType = "com.apple.product-type.application";
		};
		897750D3283E4D7000ECC4A9 /* NFCAReadWriteTests */ = {
			isa = PBXNativeTarget;
			buildConfigurationList = 897750EB283E4D7000ECC4A9 /* Build configuration list for PBXNativeTarget "NFCAReadWriteTests" */;
			buildPhases = (
				897750D0283E4D7000ECC4A9 /* Sources */,
				897750D1283E4D7000ECC4A9 /* Frameworks */,
				897750D2283E4D7000ECC4A9 /* Resources */,
			);
			buildRules = (
			);
			dependencies = (
				897750D6283E4D7000ECC4A9 /* PBXTargetDependency */,
			);
			name = NFCAReadWriteTests;
			productName = NFCAReadWriteTests;
			productReference = 897750D4283E4D7000ECC4A9 /* NFCAReadWriteTests.xctest */;
			productType = "com.apple.product-type.bundle.unit-test";
		};
		897750DD283E4D7000ECC4A9 /* NFCAReadWriteUITests */ = {
			isa = PBXNativeTarget;
			buildConfigurationList = 897750EE283E4D7000ECC4A9 /* Build configuration list for PBXNativeTarget "NFCAReadWriteUITests" */;
			buildPhases = (
				897750DA283E4D7000ECC4A9 /* Sources */,
				897750DB283E4D7000ECC4A9 /* Frameworks */,
				897750DC283E4D7000ECC4A9 /* Resources */,
			);
			buildRules = (
			);
			dependencies = (
				897750E0283E4D7000ECC4A9 /* PBXTargetDependency */,
			);
			name = NFCAReadWriteUITests;
			productName = NFCAReadWriteUITests;
			productReference = 897750DE283E4D7000ECC4A9 /* NFCAReadWriteUITests.xctest */;
			productType = "com.apple.product-type.bundle.ui-testing";
		};
/* End PBXNativeTarget section */

/* Begin PBXProject section */
		897750B3283E4D6D00ECC4A9 /* Project object */ = {
			isa = PBXProject;
			attributes = {
				BuildIndependentTargetsInParallel = 1;
				LastSwiftUpdateCheck = 1310;
				LastUpgradeCheck = 1310;
				TargetAttributes = {
					897750BA283E4D6E00ECC4A9 = {
						CreatedOnToolsVersion = 13.1;
					};
					897750D3283E4D7000ECC4A9 = {
						CreatedOnToolsVersion = 13.1;
						TestTargetID = 897750BA283E4D6E00ECC4A9;
					};
					897750DD283E4D7000ECC4A9 = {
						CreatedOnToolsVersion = 13.1;
						TestTargetID = 897750BA283E4D6E00ECC4A9;
					};
				};
			};
			buildConfigurationList = 897750B6283E4D6D00ECC4A9 /* Build configuration list for PBXProject "NFCAReadWrite" */;
			compatibilityVersion = "Xcode 13.0";
			developmentRegion = en;
			hasScannedForEncodings = 0;
			knownRegions = (
				en,
				Base,
			);
			mainGroup = 897750B2283E4D6D00ECC4A9;
			productRefGroup = 897750BC283E4D6E00ECC4A9 /* Products */;
			projectDirPath = "";
			projectRoot = "";
			targets = (
				897750BA283E4D6E00ECC4A9 /* NFCAReadWrite */,
				897750D3283E4D7000ECC4A9 /* NFCAReadWriteTests */,
				897750DD283E4D7000ECC4A9 /* NFCAReadWriteUITests */,
			);
		};
/* End PBXProject section */

/* Begin PBXResourcesBuildPhase section */
		897750B9283E4D6E00ECC4A9 /* Resources */ = {
			isa = PBXResourcesBuildPhase;
			buildActionMask = 2147483647;
			files = (
				897750CE283E4D6F00ECC4A9 /* LaunchScreen.storyboard in Resources */,
				897750CB283E4D6F00ECC4A9 /* Assets.xcassets in Resources */,
				897750C6283E4D6E00ECC4A9 /* Main.storyboard in Resources */,
			);
			runOnlyForDeploymentPostprocessing = 0;
		};
		897750D2283E4D7000ECC4A9 /* Resources */ = {
			isa = PBXResourcesBuildPhase;
			buildActionMask = 2147483647;
			files = (
			);
			runOnlyForDeploymentPostprocessing = 0;
		};
		897750DC283E4D7000ECC4A9 /* Resources */ = {
			isa = PBXResourcesBuildPhase;
			buildActionMask = 2147483647;
			files = (
			);
			runOnlyForDeploymentPostprocessing = 0;
		};
/* End PBXResourcesBuildPhase section */

/* Begin PBXSourcesBuildPhase section */
		897750B7283E4D6E00ECC4A9 /* Sources */ = {
			isa = PBXSourcesBuildPhase;
			buildActionMask = 2147483647;
			files = (
				897750C3283E4D6E00ECC4A9 /* ViewController.swift in Sources */,
				897750C9283E4D6E00ECC4A9 /* NFCAReadWrite.xcdatamodeld in Sources */,
				897750BF283E4D6E00ECC4A9 /* AppDelegate.swift in Sources */,
				897750FA283E522C00ECC4A9 /* NfcConnectResponse.swift in Sources */,
				897750F3283E517B00ECC4A9 /* NfcResponseFactory.swift in Sources */,
				897750C1283E4D6E00ECC4A9 /* SceneDelegate.swift in Sources */,
				897750F6283E51DC00ECC4A9 /* NfcDataBuffer.swift in Sources */,
				897750F8283E520600ECC4A9 /* BufferDataType.swift in Sources */,
			);
			runOnlyForDeploymentPostprocessing = 0;
		};
		897750D0283E4D7000ECC4A9 /* Sources */ = {
			isa = PBXSourcesBuildPhase;
			buildActionMask = 2147483647;
			files = (
				897750D9283E4D7000ECC4A9 /* NFCAReadWriteTests.swift in Sources */,
			);
			runOnlyForDeploymentPostprocessing = 0;
		};
		897750DA283E4D7000ECC4A9 /* Sources */ = {
			isa = PBXSourcesBuildPhase;
			buildActionMask = 2147483647;
			files = (
				897750E5283E4D7000ECC4A9 /* NFCAReadWriteUITestsLaunchTests.swift in Sources */,
				897750E3283E4D7000ECC4A9 /* NFCAReadWriteUITests.swift in Sources */,
			);
			runOnlyForDeploymentPostprocessing = 0;
		};
/* End PBXSourcesBuildPhase section */

/* Begin PBXTargetDependency section */
		897750D6283E4D7000ECC4A9 /* PBXTargetDependency */ = {
			isa = PBXTargetDependency;
			target = 897750BA283E4D6E00ECC4A9 /* NFCAReadWrite */;
			targetProxy = 897750D5283E4D7000ECC4A9 /* PBXContainerItemProxy */;
		};
		897750E0283E4D7000ECC4A9 /* PBXTargetDependency */ = {
			isa = PBXTargetDependency;
			target = 897750BA283E4D6E00ECC4A9 /* NFCAReadWrite */;
			targetProxy = 897750DF283E4D7000ECC4A9 /* PBXContainerItemProxy */;
		};
/* End PBXTargetDependency section */

/* Begin PBXVariantGroup section */
		897750C4283E4D6E00ECC4A9 /* Main.storyboard */ = {
			isa = PBXVariantGroup;
			children = (
				897750C5283E4D6E00ECC4A9 /* Base */,
			);
			name = Main.storyboard;
			sourceTree = "<group>";
		};
		897750CC283E4D6F00ECC4A9 /* LaunchScreen.storyboard */ = {
			isa = PBXVariantGroup;
			children = (
				897750CD283E4D6F00ECC4A9 /* Base */,
			);
			name = LaunchScreen.storyboard;
			sourceTree = "<group>";
		};
/* End PBXVariantGroup section */

/* Begin XCBuildConfiguration section */
		897750E6283E4D7000ECC4A9 /* Debug */ = {
			isa = XCBuildConfiguration;
			buildSettings = {
				ALWAYS_SEARCH_USER_PATHS = NO;
				CLANG_ANALYZER_NONNULL = YES;
				CLANG_ANALYZER_NUMBER_OBJECT_CONVERSION = YES_AGGRESSIVE;
				CLANG_CXX_LANGUAGE_STANDARD = "gnu++17";
				CLANG_CXX_LIBRARY = "libc++";
				CLANG_ENABLE_MODULES = YES;
				CLANG_ENABLE_OBJC_ARC = YES;
				CLANG_ENABLE_OBJC_WEAK = YES;
				CLANG_WARN_BLOCK_CAPTURE_AUTORELEASING = YES;
				CLANG_WARN_BOOL_CONVERSION = YES;
				CLANG_WARN_COMMA = YES;
				CLANG_WARN_CONSTANT_CONVERSION = YES;
				CLANG_WARN_DEPRECATED_OBJC_IMPLEMENTATIONS = YES;
				CLANG_WARN_DIRECT_OBJC_ISA_USAGE = YES_ERROR;
				CLANG_WARN_DOCUMENTATION_COMMENTS = YES;
				CLANG_WARN_EMPTY_BODY = YES;
				CLANG_WARN_ENUM_CONVERSION = YES;
				CLANG_WARN_INFINITE_RECURSION = YES;
				CLANG_WARN_INT_CONVERSION = YES;
				CLANG_WARN_NON_LITERAL_NULL_CONVERSION = YES;
				CLANG_WARN_OBJC_IMPLICIT_RETAIN_SELF = YES;
				CLANG_WARN_OBJC_LITERAL_CONVERSION = YES;
				CLANG_WARN_OBJC_ROOT_CLASS = YES_ERROR;
				CLANG_WARN_QUOTED_INCLUDE_IN_FRAMEWORK_HEADER = YES;
				CLANG_WARN_RANGE_LOOP_ANALYSIS = YES;
				CLANG_WARN_STRICT_PROTOTYPES = YES;
				CLANG_WARN_SUSPICIOUS_MOVE = YES;
				CLANG_WARN_UNGUARDED_AVAILABILITY = YES_AGGRESSIVE;
				CLANG_WARN_UNREACHABLE_CODE = YES;
				CLANG_WARN__DUPLICATE_METHOD_MATCH = YES;
				COPY_PHASE_STRIP = NO;
				DEBUG_INFORMATION_FORMAT = dwarf;
				ENABLE_STRICT_OBJC_MSGSEND = YES;
				ENABLE_TESTABILITY = YES;
				GCC_C_LANGUAGE_STANDARD = gnu11;
				GCC_DYNAMIC_NO_PIC = NO;
				GCC_NO_COMMON_BLOCKS = YES;
				GCC_OPTIMIZATION_LEVEL = 0;
				GCC_PREPROCESSOR_DEFINITIONS = (
					"DEBUG=1",
					"$(inherited)",
				);
				GCC_WARN_64_TO_32_BIT_CONVERSION = YES;
				GCC_WARN_ABOUT_RETURN_TYPE = YES_ERROR;
				GCC_WARN_UNDECLARED_SELECTOR = YES;
				GCC_WARN_UNINITIALIZED_AUTOS = YES_AGGRESSIVE;
				GCC_WARN_UNUSED_FUNCTION = YES;
				GCC_WARN_UNUSED_VARIABLE = YES;
				IPHONEOS_DEPLOYMENT_TARGET = 15.0;
				MTL_ENABLE_DEBUG_INFO = INCLUDE_SOURCE;
				MTL_FAST_MATH = YES;
				ONLY_ACTIVE_ARCH = YES;
				SDKROOT = iphoneos;
				SWIFT_ACTIVE_COMPILATION_CONDITIONS = DEBUG;
				SWIFT_OPTIMIZATION_LEVEL = "-Onone";
			};
			name = Debug;
		};
		897750E7283E4D7000ECC4A9 /* Release */ = {
			isa = XCBuildConfiguration;
			buildSettings = {
				ALWAYS_SEARCH_USER_PATHS = NO;
				CLANG_ANALYZER_NONNULL = YES;
				CLANG_ANALYZER_NUMBER_OBJECT_CONVERSION = YES_AGGRESSIVE;
				CLANG_CXX_LANGUAGE_STANDARD = "gnu++17";
				CLANG_CXX_LIBRARY = "libc++";
				CLANG_ENABLE_MODULES = YES;
				CLANG_ENABLE_OBJC_ARC = YES;
				CLANG_ENABLE_OBJC_WEAK = YES;
				CLANG_WARN_BLOCK_CAPTURE_AUTORELEASING = YES;
				CLANG_WARN_BOOL_CONVERSION = YES;
				CLANG_WARN_COMMA = YES;
				CLANG_WARN_CONSTANT_CONVERSION = YES;
				CLANG_WARN_DEPRECATED_OBJC_IMPLEMENTATIONS = YES;
				CLANG_WARN_DIRECT_OBJC_ISA_USAGE = YES_ERROR;
				CLANG_WARN_DOCUMENTATION_COMMENTS = YES;
				CLANG_WARN_EMPTY_BODY = YES;
				CLANG_WARN_ENUM_CONVERSION = YES;
				CLANG_WARN_INFINITE_RECURSION = YES;
				CLANG_WARN_INT_CONVERSION = YES;
				CLANG_WARN_NON_LITERAL_NULL_CONVERSION = YES;
				CLANG_WARN_OBJC_IMPLICIT_RETAIN_SELF = YES;
				CLANG_WARN_OBJC_LITERAL_CONVERSION = YES;
				CLANG_WARN_OBJC_ROOT_CLASS = YES_ERROR;
				CLANG_WARN_QUOTED_INCLUDE_IN_FRAMEWORK_HEADER = YES;
				CLANG_WARN_RANGE_LOOP_ANALYSIS = YES;
				CLANG_WARN_STRICT_PROTOTYPES = YES;
				CLANG_WARN_SUSPICIOUS_MOVE = YES;
				CLANG_WARN_UNGUARDED_AVAILABILITY = YES_AGGRESSIVE;
				CLANG_WARN_UNREACHABLE_CODE = YES;
				CLANG_WARN__DUPLICATE_METHOD_MATCH = YES;
				COPY_PHASE_STRIP = NO;
				DEBUG_INFORMATION_FORMAT = "dwarf-with-dsym";
				ENABLE_NS_ASSERTIONS = NO;
				ENABLE_STRICT_OBJC_MSGSEND = YES;
				GCC_C_LANGUAGE_STANDARD = gnu11;
				GCC_NO_COMMON_BLOCKS = YES;
				GCC_WARN_64_TO_32_BIT_CONVERSION = YES;
				GCC_WARN_ABOUT_RETURN_TYPE = YES_ERROR;
				GCC_WARN_UNDECLARED_SELECTOR = YES;
				GCC_WARN_UNINITIALIZED_AUTOS = YES_AGGRESSIVE;
				GCC_WARN_UNUSED_FUNCTION = YES;
				GCC_WARN_UNUSED_VARIABLE = YES;
				IPHONEOS_DEPLOYMENT_TARGET = 15.0;
				MTL_ENABLE_DEBUG_INFO = NO;
				MTL_FAST_MATH = YES;
				SDKROOT = iphoneos;
				SWIFT_COMPILATION_MODE = wholemodule;
				SWIFT_OPTIMIZATION_LEVEL = "-O";
				VALIDATE_PRODUCT = YES;
			};
			name = Release;
		};
		897750E9283E4D7000ECC4A9 /* Debug */ = {
			isa = XCBuildConfiguration;
			buildSettings = {
				ASSETCATALOG_COMPILER_APPICON_NAME = AppIcon;
				ASSETCATALOG_COMPILER_GLOBAL_ACCENT_COLOR_NAME = AccentColor;
				CODE_SIGN_ENTITLEMENTS = NFCAReadWrite/NFCAReadWrite.entitlements;
				CODE_SIGN_STYLE = Automatic;
				CURRENT_PROJECT_VERSION = 1;
				DEVELOPMENT_TEAM = M86Q9TXSSR;
				GENERATE_INFOPLIST_FILE = YES;
				INFOPLIST_FILE = NFCAReadWrite/Info.plist;
				INFOPLIST_KEY_UIApplicationSupportsIndirectInputEvents = YES;
				INFOPLIST_KEY_UILaunchStoryboardName = LaunchScreen;
				INFOPLIST_KEY_UIMainStoryboardFile = Main;
				INFOPLIST_KEY_UISupportedInterfaceOrientations_iPad = "UIInterfaceOrientationPortrait UIInterfaceOrientationPortraitUpsideDown UIInterfaceOrientationLandscapeLeft UIInterfaceOrientationLandscapeRight";
				INFOPLIST_KEY_UISupportedInterfaceOrientations_iPhone = "UIInterfaceOrientationPortrait UIInterfaceOrientationLandscapeLeft UIInterfaceOrientationLandscapeRight";
				IPHONEOS_DEPLOYMENT_TARGET = 13.0;
				LD_RUNPATH_SEARCH_PATHS = (
					"$(inherited)",
					"@executable_path/Frameworks",
				);
				MARKETING_VERSION = 1.0;
				PRODUCT_BUNDLE_IDENTIFIER = com.bjitgroup.BjitNFCReader;
				PRODUCT_NAME = "$(TARGET_NAME)";
				SWIFT_EMIT_LOC_STRINGS = YES;
				SWIFT_VERSION = 5.0;
				TARGETED_DEVICE_FAMILY = "1,2";
			};
			name = Debug;
		};
		897750EA283E4D7000ECC4A9 /* Release */ = {
			isa = XCBuildConfiguration;
			buildSettings = {
				ASSETCATALOG_COMPILER_APPICON_NAME = AppIcon;
				ASSETCATALOG_COMPILER_GLOBAL_ACCENT_COLOR_NAME = AccentColor;
				CODE_SIGN_ENTITLEMENTS = NFCAReadWrite/NFCAReadWrite.entitlements;
				CODE_SIGN_STYLE = Automatic;
				CURRENT_PROJECT_VERSION = 1;
				DEVELOPMENT_TEAM = M86Q9TXSSR;
				GENERATE_INFOPLIST_FILE = YES;
				INFOPLIST_FILE = NFCAReadWrite/Info.plist;
				INFOPLIST_KEY_UIApplicationSupportsIndirectInputEvents = YES;
				INFOPLIST_KEY_UILaunchStoryboardName = LaunchScreen;
				INFOPLIST_KEY_UIMainStoryboardFile = Main;
				INFOPLIST_KEY_UISupportedInterfaceOrientations_iPad = "UIInterfaceOrientationPortrait UIInterfaceOrientationPortraitUpsideDown UIInterfaceOrientationLandscapeLeft UIInterfaceOrientationLandscapeRight";
				INFOPLIST_KEY_UISupportedInterfaceOrientations_iPhone = "UIInterfaceOrientationPortrait UIInterfaceOrientationLandscapeLeft UIInterfaceOrientationLandscapeRight";
				IPHONEOS_DEPLOYMENT_TARGET = 13.0;
				LD_RUNPATH_SEARCH_PATHS = (
					"$(inherited)",
					"@executable_path/Frameworks",
				);
				MARKETING_VERSION = 1.0;
				PRODUCT_BUNDLE_IDENTIFIER = com.bjitgroup.BjitNFCReader;
				PRODUCT_NAME = "$(TARGET_NAME)";
				SWIFT_EMIT_LOC_STRINGS = YES;
				SWIFT_VERSION = 5.0;
				TARGETED_DEVICE_FAMILY = "1,2";
			};
			name = Release;
		};
		897750EC283E4D7000ECC4A9 /* Debug */ = {
			isa = XCBuildConfiguration;
			buildSettings = {
				ALWAYS_EMBED_SWIFT_STANDARD_LIBRARIES = YES;
				BUNDLE_LOADER = "$(TEST_HOST)";
				CODE_SIGN_STYLE = Automatic;
				CURRENT_PROJECT_VERSION = 1;
				DEVELOPMENT_TEAM = M86Q9TXSSR;
				GENERATE_INFOPLIST_FILE = YES;
				IPHONEOS_DEPLOYMENT_TARGET = 15.0;
				LD_RUNPATH_SEARCH_PATHS = (
					"$(inherited)",
					"@executable_path/Frameworks",
					"@loader_path/Frameworks",
				);
				MARKETING_VERSION = 1.0;
				PRODUCT_BUNDLE_IDENTIFIER = com.amit.NFCAReadWriteTests;
				PRODUCT_NAME = "$(TARGET_NAME)";
				SWIFT_EMIT_LOC_STRINGS = NO;
				SWIFT_VERSION = 5.0;
				TARGETED_DEVICE_FAMILY = "1,2";
				TEST_HOST = "$(BUILT_PRODUCTS_DIR)/NFCAReadWrite.app/NFCAReadWrite";
			};
			name = Debug;
		};
		897750ED283E4D7000ECC4A9 /* Release */ = {
			isa = XCBuildConfiguration;
			buildSettings = {
				ALWAYS_EMBED_SWIFT_STANDARD_LIBRARIES = YES;
				BUNDLE_LOADER = "$(TEST_HOST)";
				CODE_SIGN_STYLE = Automatic;
				CURRENT_PROJECT_VERSION = 1;
				DEVELOPMENT_TEAM = M86Q9TXSSR;
				GENERATE_INFOPLIST_FILE = YES;
				IPHONEOS_DEPLOYMENT_TARGET = 15.0;
				LD_RUNPATH_SEARCH_PATHS = (
					"$(inherited)",
					"@executable_path/Frameworks",
					"@loader_path/Frameworks",
				);
				MARKETING_VERSION = 1.0;
				PRODUCT_BUNDLE_IDENTIFIER = com.amit.NFCAReadWriteTests;
				PRODUCT_NAME = "$(TARGET_NAME)";
				SWIFT_EMIT_LOC_STRINGS = NO;
				SWIFT_VERSION = 5.0;
				TARGETED_DEVICE_FAMILY = "1,2";
				TEST_HOST = "$(BUILT_PRODUCTS_DIR)/NFCAReadWrite.app/NFCAReadWrite";
			};
			name = Release;
		};
		897750EF283E4D7000ECC4A9 /* Debug */ = {
			isa = XCBuildConfiguration;
			buildSettings = {
				ALWAYS_EMBED_SWIFT_STANDARD_LIBRARIES = YES;
				CODE_SIGN_STYLE = Automatic;
				CURRENT_PROJECT_VERSION = 1;
				DEVELOPMENT_TEAM = M86Q9TXSSR;
				GENERATE_INFOPLIST_FILE = YES;
				LD_RUNPATH_SEARCH_PATHS = (
					"$(inherited)",
					"@executable_path/Frameworks",
					"@loader_path/Frameworks",
				);
				MARKETING_VERSION = 1.0;
				PRODUCT_BUNDLE_IDENTIFIER = com.amit.NFCAReadWriteUITests;
				PRODUCT_NAME = "$(TARGET_NAME)";
				SWIFT_EMIT_LOC_STRINGS = NO;
				SWIFT_VERSION = 5.0;
				TARGETED_DEVICE_FAMILY = "1,2";
				TEST_TARGET_NAME = NFCAReadWrite;
			};
			name = Debug;
		};
		897750F0283E4D7000ECC4A9 /* Release */ = {
			isa = XCBuildConfiguration;
			buildSettings = {
				ALWAYS_EMBED_SWIFT_STANDARD_LIBRARIES = YES;
				CODE_SIGN_STYLE = Automatic;
				CURRENT_PROJECT_VERSION = 1;
				DEVELOPMENT_TEAM = M86Q9TXSSR;
				GENERATE_INFOPLIST_FILE = YES;
				LD_RUNPATH_SEARCH_PATHS = (
					"$(inherited)",
					"@executable_path/Frameworks",
					"@loader_path/Frameworks",
				);
				MARKETING_VERSION = 1.0;
				PRODUCT_BUNDLE_IDENTIFIER = com.amit.NFCAReadWriteUITests;
				PRODUCT_NAME = "$(TARGET_NAME)";
				SWIFT_EMIT_LOC_STRINGS = NO;
				SWIFT_VERSION = 5.0;
				TARGETED_DEVICE_FAMILY = "1,2";
				TEST_TARGET_NAME = NFCAReadWrite;
			};
			name = Release;
		};
/* End XCBuildConfiguration section */

/* Begin XCConfigurationList section */
		897750B6283E4D6D00ECC4A9 /* Build configuration list for PBXProject "NFCAReadWrite" */ = {
			isa = XCConfigurationList;
			buildConfigurations = (
				897750E6283E4D7000ECC4A9 /* Debug */,
				897750E7283E4D7000ECC4A9 /* Release */,
			);
			defaultConfigurationIsVisible = 0;
			defaultConfigurationName = Release;
		};
		897750E8283E4D7000ECC4A9 /* Build configuration list for PBXNativeTarget "NFCAReadWrite" */ = {
			isa = XCConfigurationList;
			buildConfigurations = (
				897750E9283E4D7000ECC4A9 /* Debug */,
				897750EA283E4D7000ECC4A9 /* Release */,
			);
			defaultConfigurationIsVisible = 0;
			defaultConfigurationName = Release;
		};
		897750EB283E4D7000ECC4A9 /* Build configuration list for PBXNativeTarget "NFCAReadWriteTests" */ = {
			isa = XCConfigurationList;
			buildConfigurations = (
				897750EC283E4D7000ECC4A9 /* Debug */,
				897750ED283E4D7000ECC4A9 /* Release */,
			);
			defaultConfigurationIsVisible = 0;
			defaultConfigurationName = Release;
		};
		897750EE283E4D7000ECC4A9 /* Build configuration list for PBXNativeTarget "NFCAReadWriteUITests" */ = {
			isa = XCConfigurationList;
			buildConfigurations = (
				897750EF283E4D7000ECC4A9 /* Debug */,
				897750F0283E4D7000ECC4A9 /* Release */,
			);
			defaultConfigurationIsVisible = 0;
			defaultConfigurationName = Release;
		};
/* End XCConfigurationList section */

/* Begin XCVersionGroup section */
		897750C7283E4D6E00ECC4A9 /* NFCAReadWrite.xcdatamodeld */ = {
			isa = XCVersionGroup;
			children = (
				897750C8283E4D6E00ECC4A9 /* NFCAReadWrite.xcdatamodel */,
			);
			currentVersion = 897750C8283E4D6E00ECC4A9 /* NFCAReadWrite.xcdatamodel */;
			path = NFCAReadWrite.xcdatamodeld;
			sourceTree = "<group>";
			versionGroupType = wrapper.xcdatamodel;
		};
/* End XCVersionGroup section */
	};
	rootObject = 897750B3283E4D6D00ECC4A9 /* Project object */;
}
